
Microsoft Visual Studio Solution File, Format Version 12.00
# Visual Studio Version 16
VisualStudioVersion = 16.0.30503.244
MinimumVisualStudioVersion = 10.0.40219.1
Project("{FAE04EC0-301F-11D3-BF4B-00C04F79EFBC}") = "LR10", "LR10\LR10.csproj", "{83FDCBF1-B3EB-4F71-B2AA-9986737E08BD}"
EndProject
Global
	GlobalSection(SolutionConfigurationPlatforms) = preSolution
		Debug|Any CPU = Debug|Any CPU
		Release|Any CPU = Release|Any CPU
	EndGlobalSection
	GlobalSection(ProjectConfigurationPlatforms) = postSolution
		{83FDCBF1-B3EB-4F71-B2AA-9986737E08BD}.Debug|Any CPU.ActiveCfg = Debug|Any CPU
		{83FDCBF1-B3EB-4F71-B2AA-9986737E08BD}.Debug|Any CPU.Build.0 = Debug|Any CPU
		{83FDCBF1-B3EB-4F71-B2AA-9986737E08BD}.Release|Any CPU.ActiveCfg = Release|Any CPU
		{83FDCBF1-B3EB-4F71-B2AA-9986737E08BD}.Release|Any CPU.Build.0 = Release|Any CPU
	EndGlobalSection
	GlobalSection(SolutionProperties) = preSolution
		HideSolutionNode = FALSE
	EndGlobalSection
	GlobalSection(ExtensibilityGlobals) = postSolution
		SolutionGuid = {DCFF645E-BBF3-49B2-A0BC-8D5BCB4F148B}
	EndGlobalSection
EndGlobal
